
Microsoft Visual Studio Solution File, Format Version 12.00
# Visual Studio Version 16
VisualStudioVersion = 16.0.29411.108
MinimumVisualStudioVersion = 10.0.40219.1
Project("{FAE04EC0-301F-11D3-BF4B-00C04F79EFBC}") = "a05", "a05\a05.csproj", "{E45F87E4-7706-453E-B134-182E899B2058}"
EndProject
Global
	GlobalSection(SolutionConfigurationPlatforms) = preSolution
		Debug|Any CPU = Debug|Any CPU
		Release|Any CPU = Release|Any CPU
	EndGlobalSection
	GlobalSection(ProjectConfigurationPlatforms) = postSolution
		{E45F87E4-7706-453E-B134-182E899B2058}.Debug|Any CPU.ActiveCfg = Debug|Any CPU
		{E45F87E4-7706-453E-B134-182E899B2058}.Debug|Any CPU.Build.0 = Debug|Any CPU
		{E45F87E4-7706-453E-B134-182E899B2058}.Release|Any CPU.ActiveCfg = Release|Any CPU
		{E45F87E4-7706-453E-B134-182E899B2058}.Release|Any CPU.Build.0 = Release|Any CPU
	EndGlobalSection
	GlobalSection(SolutionProperties) = preSolution
		HideSolutionNode = FALSE
	EndGlobalSection
	GlobalSection(ExtensibilityGlobals) = postSolution
		SolutionGuid = {594971B6-6BB7-4591-BD28-EB54FC0278E8}
	EndGlobalSection
EndGlobal
